
Microsoft Visual Studio Solution File, Format Version 12.00
# Visual Studio Version 17
VisualStudioVersion = 17.14.36623.8 d17.14
MinimumVisualStudioVersion = 10.0.40219.1
Project("{FAE04EC0-301F-11D3-BF4B-00C04F79EFBC}") = "ClassPointQuiz", "ClassPointQuiz\ClassPointQuiz.csproj", "{9E2ACFE3-6FF9-446E-BF48-8700A1F73E09}"
EndProject
Global
	GlobalSection(SolutionConfigurationPlatforms) = preSolution
		Debug|Any CPU = Debug|Any CPU
		Release|Any CPU = Release|Any CPU
	EndGlobalSection
	GlobalSection(ProjectConfigurationPlatforms) = postSolution
		{9E2ACFE3-6FF9-446E-BF48-8700A1F73E09}.Debug|Any CPU.ActiveCfg = Debug|Any CPU
		{9E2ACFE3-6FF9-446E-BF48-8700A1F73E09}.Debug|Any CPU.Build.0 = Debug|Any CPU
		{9E2ACFE3-6FF9-446E-BF48-8700A1F73E09}.Release|Any CPU.ActiveCfg = Release|Any CPU
		{9E2ACFE3-6FF9-446E-BF48-8700A1F73E09}.Release|Any CPU.Build.0 = Release|Any CPU
	EndGlobalSection
	GlobalSection(SolutionProperties) = preSolution
		HideSolutionNode = FALSE
	EndGlobalSection
	GlobalSection(ExtensibilityGlobals) = postSolution
		SolutionGuid = {9679E6C3-0EE3-4FD9-A268-954247946324}
	EndGlobalSection
EndGlobal
